// !$*UTF8*$!
{
	archiveVersion = 1;
	classes = {
	};
	objectVersion = 50;
	objects = {

/* Begin PBXBuildFile section */
		B1775D08214E93070093E69D /* SystemMonitor.m in Sources */ = {isa = PBXBuildFile; fileRef = B1775D07214E93070093E69D /* SystemMonitor.m */; };
		B201FD1C2133961C004438D3 /* SystemController.m in Sources */ = {isa = PBXBuildFile; fileRef = B201FD1B2133961C004438D3 /* SystemController.m */; };
		B20D201C21235EF000D38DFE /* serverComm.m in Sources */ = {isa = PBXBuildFile; fileRef = B20D201B21235EF000D38DFE /* serverComm.m */; };
		B2500EBB20EF409500BF6D9C /* collectionMethods.m in Sources */ = {isa = PBXBuildFile; fileRef = B2500EBA20EF409500BF6D9C /* collectionMethods.m */; };
		B2998F722104067200A31B19 /* IOKit.framework in Frameworks */ = {isa = PBXBuildFile; fileRef = B2998F712104067200A31B19 /* IOKit.framework */; };
		B2998F742105632900A31B19 /* IdleTime.m in Sources */ = {isa = PBXBuildFile; fileRef = B2998F732105632900A31B19 /* IdleTime.m */; };
		B2998F78210E238E00A31B19 /* browserTracking.m in Sources */ = {isa = PBXBuildFile; fileRef = B2998F77210E238E00A31B19 /* browserTracking.m */; };
		B2BC8BBA20FF0B5A007B6752 /* dataStruct.m in Sources */ = {isa = PBXBuildFile; fileRef = B2BC8BB920FF0B5A007B6752 /* dataStruct.m */; };
		B2BCFF4F21262CC00055894B /* runLoop.m in Sources */ = {isa = PBXBuildFile; fileRef = B2BCFF4E21262CC00055894B /* runLoop.m */; };
		B2E0558820ED713D00315DDB /* main.m in Sources */ = {isa = PBXBuildFile; fileRef = B2E0558720ED713D00315DDB /* main.m */; };
		B2E0559720ED726200315DDB /* libprocInfo.a in Frameworks */ = {isa = PBXBuildFile; fileRef = B2E0559620ED726200315DDB /* libprocInfo.a */; };
		B2E0559920ED729A00315DDB /* libbsm.tbd in Frameworks */ = {isa = PBXBuildFile; fileRef = B2E0559820ED729A00315DDB /* libbsm.tbd */; };
		B2FC26F820F1861300A0C1EB /* timerMethods.m in Sources */ = {isa = PBXBuildFile; fileRef = B2FC26F720F1861300A0C1EB /* timerMethods.m */; };
/* End PBXBuildFile section */

/* Begin PBXCopyFilesBuildPhase section */
		B2E0558220ED713D00315DDB /* CopyFiles */ = {
			isa = PBXCopyFilesBuildPhase;
			buildActionMask = 2147483647;
			dstPath = /usr/share/man/man1/;
			dstSubfolderSpec = 0;
			files = (
			);
			runOnlyForDeploymentPostprocessing = 1;
		};
/* End PBXCopyFilesBuildPhase section */

/* Begin PBXFileReference section */
		B1775D07214E93070093E69D /* SystemMonitor.m */ = {isa = PBXFileReference; lastKnownFileType = sourcecode.c.objc; path = SystemMonitor.m; sourceTree = "<group>"; };
		B1775D09214E93300093E69D /* SystemMonitor.h */ = {isa = PBXFileReference; lastKnownFileType = sourcecode.c.h; path = SystemMonitor.h; sourceTree = "<group>"; };
		B201FD1B2133961C004438D3 /* SystemController.m */ = {isa = PBXFileReference; lastKnownFileType = sourcecode.c.objc; path = SystemController.m; sourceTree = "<group>"; };
		B201FD1D21339696004438D3 /* SystemController.h */ = {isa = PBXFileReference; lastKnownFileType = sourcecode.c.h; path = SystemController.h; sourceTree = "<group>"; };
		B20D201B21235EF000D38DFE /* serverComm.m */ = {isa = PBXFileReference; lastKnownFileType = sourcecode.c.objc; path = serverComm.m; sourceTree = "<group>"; };
		B20D201D21235F0A00D38DFE /* serverComm.h */ = {isa = PBXFileReference; lastKnownFileType = sourcecode.c.h; path = serverComm.h; sourceTree = "<group>"; };
		B2500EBA20EF409500BF6D9C /* collectionMethods.m */ = {isa = PBXFileReference; lastKnownFileType = sourcecode.c.objc; path = collectionMethods.m; sourceTree = "<group>"; };
		B2500EBC20EF428A00BF6D9C /* collectionMethods.h */ = {isa = PBXFileReference; lastKnownFileType = sourcecode.c.h; path = collectionMethods.h; sourceTree = "<group>"; };
		B2998F712104067200A31B19 /* IOKit.framework */ = {isa = PBXFileReference; lastKnownFileType = wrapper.framework; name = IOKit.framework; path = System/Library/Frameworks/IOKit.framework; sourceTree = SDKROOT; };
		B2998F732105632900A31B19 /* IdleTime.m */ = {isa = PBXFileReference; lastKnownFileType = sourcecode.c.objc; path = IdleTime.m; sourceTree = "<group>"; };
		B2998F752105641400A31B19 /* IdleTime.h */ = {isa = PBXFileReference; lastKnownFileType = sourcecode.c.h; path = IdleTime.h; sourceTree = "<group>"; };
		B2998F76210E237D00A31B19 /* browserTracking.h */ = {isa = PBXFileReference; lastKnownFileType = sourcecode.c.h; path = browserTracking.h; sourceTree = "<group>"; };
		B2998F77210E238E00A31B19 /* browserTracking.m */ = {isa = PBXFileReference; lastKnownFileType = sourcecode.c.objc; path = browserTracking.m; sourceTree = "<group>"; };
		B2BC8BB920FF0B5A007B6752 /* dataStruct.m */ = {isa = PBXFileReference; lastKnownFileType = sourcecode.c.objc; path = dataStruct.m; sourceTree = "<group>"; };
		B2BC8BBB20FF0B75007B6752 /* dataStruct.h */ = {isa = PBXFileReference; lastKnownFileType = sourcecode.c.h; path = dataStruct.h; sourceTree = "<group>"; };
		B2BCFF4D21262CB20055894B /* runLoop.h */ = {isa = PBXFileReference; lastKnownFileType = sourcecode.c.h; path = runLoop.h; sourceTree = "<group>"; };
		B2BCFF4E21262CC00055894B /* runLoop.m */ = {isa = PBXFileReference; lastKnownFileType = sourcecode.c.objc; path = runLoop.m; sourceTree = "<group>"; };
		B2E0558420ED713D00315DDB /* objectivec-cyfer */ = {isa = PBXFileReference; explicitFileType = "compiled.mach-o.executable"; includeInIndex = 0; path = "objectivec-cyfer"; sourceTree = BUILT_PRODUCTS_DIR; };
		B2E0558720ED713D00315DDB /* main.m */ = {isa = PBXFileReference; lastKnownFileType = sourcecode.c.objc; path = main.m; sourceTree = "<group>"; };
		B2E0559620ED726200315DDB /* libprocInfo.a */ = {isa = PBXFileReference; lastKnownFileType = archive.ar; path = libprocInfo.a; sourceTree = "<group>"; };
		B2E0559820ED729A00315DDB /* libbsm.tbd */ = {isa = PBXFileReference; lastKnownFileType = "sourcecode.text-based-dylib-definition"; name = libbsm.tbd; path = usr/lib/libbsm.tbd; sourceTree = SDKROOT; };
		B2FC26F620F185FE00A0C1EB /* timerMethods.h */ = {isa = PBXFileReference; lastKnownFileType = sourcecode.c.h; path = timerMethods.h; sourceTree = "<group>"; };
		B2FC26F720F1861300A0C1EB /* timerMethods.m */ = {isa = PBXFileReference; lastKnownFileType = sourcecode.c.objc; path = timerMethods.m; sourceTree = "<group>"; };
/* End PBXFileReference section */

/* Begin PBXFrameworksBuildPhase section */
		B2E0558120ED713D00315DDB /* Frameworks */ = {
			isa = PBXFrameworksBuildPhase;
			buildActionMask = 2147483647;
			files = (
				B2998F722104067200A31B19 /* IOKit.framework in Frameworks */,
				B2E0559920ED729A00315DDB /* libbsm.tbd in Frameworks */,
				B2E0559720ED726200315DDB /* libprocInfo.a in Frameworks */,
			);
			runOnlyForDeploymentPostprocessing = 0;
		};
/* End PBXFrameworksBuildPhase section */

/* Begin PBXGroup section */
		B2E0557B20ED713D00315DDB = {
			isa = PBXGroup;
			children = (
				B2E0559520ED724A00315DDB /* Frameworks */,
				B2E0558620ED713D00315DDB /* objectivec-cyfer */,
				B2E0558520ED713D00315DDB /* Products */,
			);
			sourceTree = "<group>";
		};
		B2E0558520ED713D00315DDB /* Products */ = {
			isa = PBXGroup;
			children = (
				B2E0558420ED713D00315DDB /* objectivec-cyfer */,
			);
			name = Products;
			sourceTree = "<group>";
		};
		B2E0558620ED713D00315DDB /* objectivec-cyfer */ = {
			isa = PBXGroup;
			children = (
				B2E0558720ED713D00315DDB /* main.m */,
				B2500EBA20EF409500BF6D9C /* collectionMethods.m */,
				B2500EBC20EF428A00BF6D9C /* collectionMethods.h */,
				B2FC26F720F1861300A0C1EB /* timerMethods.m */,
				B2FC26F620F185FE00A0C1EB /* timerMethods.h */,
				B2BC8BB920FF0B5A007B6752 /* dataStruct.m */,
				B2BC8BBB20FF0B75007B6752 /* dataStruct.h */,
				B2998F732105632900A31B19 /* IdleTime.m */,
				B2998F752105641400A31B19 /* IdleTime.h */,
				B2998F77210E238E00A31B19 /* browserTracking.m */,
				B2998F76210E237D00A31B19 /* browserTracking.h */,
				B20D201B21235EF000D38DFE /* serverComm.m */,
				B20D201D21235F0A00D38DFE /* serverComm.h */,
				B2BCFF4E21262CC00055894B /* runLoop.m */,
				B2BCFF4D21262CB20055894B /* runLoop.h */,
				B201FD1B2133961C004438D3 /* SystemController.m */,
				B201FD1D21339696004438D3 /* SystemController.h */,
				B1775D07214E93070093E69D /* SystemMonitor.m */,
				B1775D09214E93300093E69D /* SystemMonitor.h */,
			);
			path = "objectivec-cyfer";
			sourceTree = "<group>";
		};
		B2E0559520ED724A00315DDB /* Frameworks */ = {
			isa = PBXGroup;
			children = (
				B2998F712104067200A31B19 /* IOKit.framework */,
				B2E0559820ED729A00315DDB /* libbsm.tbd */,
				B2E0559620ED726200315DDB /* libprocInfo.a */,
			);
			path = Frameworks;
			sourceTree = "<group>";
		};
/* End PBXGroup section */

/* Begin PBXNativeTarget section */
		B2E0558320ED713D00315DDB /* objectivec-cyfer */ = {
			isa = PBXNativeTarget;
			buildConfigurationList = B2E0558B20ED713D00315DDB /* Build configuration list for PBXNativeTarget "objectivec-cyfer" */;
			buildPhases = (
				B2E0558020ED713D00315DDB /* Sources */,
				B2E0558120ED713D00315DDB /* Frameworks */,
				B2E0558220ED713D00315DDB /* CopyFiles */,
			);
			buildRules = (
			);
			dependencies = (
			);
			name = "objectivec-cyfer";
			productName = "objectivec-cyfer";
			productReference = B2E0558420ED713D00315DDB /* objectivec-cyfer */;
			productType = "com.apple.product-type.tool";
		};
/* End PBXNativeTarget section */

/* Begin PBXProject section */
		B2E0557C20ED713D00315DDB /* Project object */ = {
			isa = PBXProject;
			attributes = {
				LastUpgradeCheck = 0940;
				ORGANIZATIONNAME = Cyfer;
				TargetAttributes = {
					B2E0558320ED713D00315DDB = {
						CreatedOnToolsVersion = 9.4.1;
						LastSwiftMigration = 0940;
					};
				};
			};
			buildConfigurationList = B2E0557F20ED713D00315DDB /* Build configuration list for PBXProject "objectivec-cyfer" */;
			compatibilityVersion = "Xcode 9.3";
			developmentRegion = en;
			hasScannedForEncodings = 0;
			knownRegions = (
				en,
			);
			mainGroup = B2E0557B20ED713D00315DDB;
			productRefGroup = B2E0558520ED713D00315DDB /* Products */;
			projectDirPath = "";
			projectRoot = "";
			targets = (
				B2E0558320ED713D00315DDB /* objectivec-cyfer */,
			);
		};
/* End PBXProject section */

/* Begin PBXSourcesBuildPhase section */
		B2E0558020ED713D00315DDB /* Sources */ = {
			isa = PBXSourcesBuildPhase;
			buildActionMask = 2147483647;
			files = (
				B2E0558820ED713D00315DDB /* main.m in Sources */,
				B2998F78210E238E00A31B19 /* browserTracking.m in Sources */,
				B2998F742105632900A31B19 /* IdleTime.m in Sources */,
				B1775D08214E93070093E69D /* SystemMonitor.m in Sources */,
				B2BCFF4F21262CC00055894B /* runLoop.m in Sources */,
				B201FD1C2133961C004438D3 /* SystemController.m in Sources */,
				B2BC8BBA20FF0B5A007B6752 /* dataStruct.m in Sources */,
				B2FC26F820F1861300A0C1EB /* timerMethods.m in Sources */,
				B2500EBB20EF409500BF6D9C /* collectionMethods.m in Sources */,
				B20D201C21235EF000D38DFE /* serverComm.m in Sources */,
			);
			runOnlyForDeploymentPostprocessing = 0;
		};
/* End PBXSourcesBuildPhase section */

/* Begin XCBuildConfiguration section */
		B2E0558920ED713D00315DDB /* Debug */ = {
			isa = XCBuildConfiguration;
			buildSettings = {
				ALWAYS_SEARCH_USER_PATHS = NO;
				CLANG_ANALYZER_NONNULL = YES;
				CLANG_ANALYZER_NUMBER_OBJECT_CONVERSION = YES_AGGRESSIVE;
				CLANG_CXX_LANGUAGE_STANDARD = "gnu++14";
				CLANG_CXX_LIBRARY = "libc++";
				CLANG_ENABLE_MODULES = YES;
				CLANG_ENABLE_OBJC_ARC = YES;
				CLANG_ENABLE_OBJC_WEAK = YES;
				CLANG_WARN_BLOCK_CAPTURE_AUTORELEASING = YES;
				CLANG_WARN_BOOL_CONVERSION = YES;
				CLANG_WARN_COMMA = YES;
				CLANG_WARN_CONSTANT_CONVERSION = YES;
				CLANG_WARN_DEPRECATED_OBJC_IMPLEMENTATIONS = YES;
				CLANG_WARN_DIRECT_OBJC_ISA_USAGE = YES_ERROR;
				CLANG_WARN_DOCUMENTATION_COMMENTS = YES;
				CLANG_WARN_EMPTY_BODY = YES;
				CLANG_WARN_ENUM_CONVERSION = YES;
				CLANG_WARN_INFINITE_RECURSION = YES;
				CLANG_WARN_INT_CONVERSION = YES;
				CLANG_WARN_NON_LITERAL_NULL_CONVERSION = YES;
				CLANG_WARN_OBJC_IMPLICIT_RETAIN_SELF = YES;
				CLANG_WARN_OBJC_LITERAL_CONVERSION = YES;
				CLANG_WARN_OBJC_ROOT_CLASS = YES_ERROR;
				CLANG_WARN_RANGE_LOOP_ANALYSIS = YES;
				CLANG_WARN_STRICT_PROTOTYPES = YES;
				CLANG_WARN_SUSPICIOUS_MOVE = YES;
				CLANG_WARN_UNGUARDED_AVAILABILITY = YES_AGGRESSIVE;
				CLANG_WARN_UNREACHABLE_CODE = YES;
				CLANG_WARN__DUPLICATE_METHOD_MATCH = YES;
				CODE_SIGN_IDENTITY = "-";
				COPY_PHASE_STRIP = NO;
				DEBUG_INFORMATION_FORMAT = dwarf;
				ENABLE_STRICT_OBJC_MSGSEND = YES;
				ENABLE_TESTABILITY = YES;
				GCC_C_LANGUAGE_STANDARD = gnu11;
				GCC_DYNAMIC_NO_PIC = NO;
				GCC_NO_COMMON_BLOCKS = YES;
				GCC_OPTIMIZATION_LEVEL = 0;
				GCC_PREPROCESSOR_DEFINITIONS = (
					"DEBUG=1",
					"$(inherited)",
				);
				GCC_WARN_64_TO_32_BIT_CONVERSION = YES;
				GCC_WARN_ABOUT_RETURN_TYPE = YES_ERROR;
				GCC_WARN_UNDECLARED_SELECTOR = YES;
				GCC_WARN_UNINITIALIZED_AUTOS = YES_AGGRESSIVE;
				GCC_WARN_UNUSED_FUNCTION = YES;
				GCC_WARN_UNUSED_VARIABLE = YES;
				MACOSX_DEPLOYMENT_TARGET = 10.13;
				MTL_ENABLE_DEBUG_INFO = YES;
				ONLY_ACTIVE_ARCH = YES;
				SDKROOT = macosx;
			};
			name = Debug;
		};
		B2E0558A20ED713D00315DDB /* Release */ = {
			isa = XCBuildConfiguration;
			buildSettings = {
				ALWAYS_SEARCH_USER_PATHS = NO;
				CLANG_ANALYZER_NONNULL = YES;
				CLANG_ANALYZER_NUMBER_OBJECT_CONVERSION = YES_AGGRESSIVE;
				CLANG_CXX_LANGUAGE_STANDARD = "gnu++14";
				CLANG_CXX_LIBRARY = "libc++";
				CLANG_ENABLE_MODULES = YES;
				CLANG_ENABLE_OBJC_ARC = YES;
				CLANG_ENABLE_OBJC_WEAK = YES;
				CLANG_WARN_BLOCK_CAPTURE_AUTORELEASING = YES;
				CLANG_WARN_BOOL_CONVERSION = YES;
				CLANG_WARN_COMMA = YES;
				CLANG_WARN_CONSTANT_CONVERSION = YES;
				CLANG_WARN_DEPRECATED_OBJC_IMPLEMENTATIONS = YES;
				CLANG_WARN_DIRECT_OBJC_ISA_USAGE = YES_ERROR;
				CLANG_WARN_DOCUMENTATION_COMMENTS = YES;
				CLANG_WARN_EMPTY_BODY = YES;
				CLANG_WARN_ENUM_CONVERSION = YES;
				CLANG_WARN_INFINITE_RECURSION = YES;
				CLANG_WARN_INT_CONVERSION = YES;
				CLANG_WARN_NON_LITERAL_NULL_CONVERSION = YES;
				CLANG_WARN_OBJC_IMPLICIT_RETAIN_SELF = YES;
				CLANG_WARN_OBJC_LITERAL_CONVERSION = YES;
				CLANG_WARN_OBJC_ROOT_CLASS = YES_ERROR;
				CLANG_WARN_RANGE_LOOP_ANALYSIS = YES;
				CLANG_WARN_STRICT_PROTOTYPES = YES;
				CLANG_WARN_SUSPICIOUS_MOVE = YES;
				CLANG_WARN_UNGUARDED_AVAILABILITY = YES_AGGRESSIVE;
				CLANG_WARN_UNREACHABLE_CODE = YES;
				CLANG_WARN__DUPLICATE_METHOD_MATCH = YES;
				CODE_SIGN_IDENTITY = "-";
				COPY_PHASE_STRIP = NO;
				DEBUG_INFORMATION_FORMAT = "dwarf-with-dsym";
				ENABLE_NS_ASSERTIONS = NO;
				ENABLE_STRICT_OBJC_MSGSEND = YES;
				GCC_C_LANGUAGE_STANDARD = gnu11;
				GCC_NO_COMMON_BLOCKS = YES;
				GCC_WARN_64_TO_32_BIT_CONVERSION = YES;
				GCC_WARN_ABOUT_RETURN_TYPE = YES_ERROR;
				GCC_WARN_UNDECLARED_SELECTOR = YES;
				GCC_WARN_UNINITIALIZED_AUTOS = YES_AGGRESSIVE;
				GCC_WARN_UNUSED_FUNCTION = YES;
				GCC_WARN_UNUSED_VARIABLE = YES;
				MACOSX_DEPLOYMENT_TARGET = 10.13;
				MTL_ENABLE_DEBUG_INFO = NO;
				SDKROOT = macosx;
			};
			name = Release;
		};
		B2E0558C20ED713D00315DDB /* Debug */ = {
			isa = XCBuildConfiguration;
			buildSettings = {
				CLANG_ENABLE_MODULES = YES;
				CODE_SIGN_STYLE = Automatic;
				LD_RUNPATH_SEARCH_PATHS = (
					"$(inherited)",
					"@executable_path/../Frameworks",
					"@loader_path/../Frameworks",
				);
				LIBRARY_SEARCH_PATHS = (
					"$(inherited)",
					"$(PROJECT_DIR)",
					"$(PROJECT_DIR)/Frameworks",
				);
				PRODUCT_NAME = "$(TARGET_NAME)";
				SWIFT_OBJC_BRIDGING_HEADER = "objectivec-cyfer/objectivec-cyfer-Bridging-Header.h";
				SWIFT_OPTIMIZATION_LEVEL = "-Onone";
				SWIFT_VERSION = 3.0;
			};
			name = Debug;
		};
		B2E0558D20ED713D00315DDB /* Release */ = {
			isa = XCBuildConfiguration;
			buildSettings = {
				CLANG_ENABLE_MODULES = YES;
				CODE_SIGN_STYLE = Automatic;
				LD_RUNPATH_SEARCH_PATHS = (
					"$(inherited)",
					"@executable_path/../Frameworks",
					"@loader_path/../Frameworks",
				);
				LIBRARY_SEARCH_PATHS = (
					"$(inherited)",
					"$(PROJECT_DIR)",
					"$(PROJECT_DIR)/Frameworks",
				);
				PRODUCT_NAME = "$(TARGET_NAME)";
				SWIFT_OBJC_BRIDGING_HEADER = "objectivec-cyfer/objectivec-cyfer-Bridging-Header.h";
				SWIFT_VERSION = 3.0;
			};
			name = Release;
		};
/* End XCBuildConfiguration section */

/* Begin XCConfigurationList section */
		B2E0557F20ED713D00315DDB /* Build configuration list for PBXProject "objectivec-cyfer" */ = {
			isa = XCConfigurationList;
			buildConfigurations = (
				B2E0558920ED713D00315DDB /* Debug */,
				B2E0558A20ED713D00315DDB /* Release */,
			);
			defaultConfigurationIsVisible = 0;
			defaultConfigurationName = Release;
		};
		B2E0558B20ED713D00315DDB /* Build configuration list for PBXNativeTarget "objectivec-cyfer" */ = {
			isa = XCConfigurationList;
			buildConfigurations = (
				B2E0558C20ED713D00315DDB /* Debug */,
				B2E0558D20ED713D00315DDB /* Release */,
			);
			defaultConfigurationIsVisible = 0;
			defaultConfigurationName = Release;
		};
/* End XCConfigurationList section */
	};
	rootObject = B2E0557C20ED713D00315DDB /* Project object */;
}
